// !$*UTF8*$!
{
	archiveVersion = 1;
	classes = {
	};
	objectVersion = 46;
	objects = {

/* Begin PBXBuildFile section */
		4A35E6D21DE813E700831D0B /* TableViewController.swift in Sources */ = {isa = PBXBuildFile; fileRef = 4A35E6D11DE813E700831D0B /* TableViewController.swift */; };
		4A35E6D41DE8194500831D0B /* CollectionViewController.swift in Sources */ = {isa = PBXBuildFile; fileRef = 4A35E6D31DE8194500831D0B /* CollectionViewController.swift */; };
		4A8B4FE91DE7164C005BF073 /* AppDelegate.swift in Sources */ = {isa = PBXBuildFile; fileRef = 4A8B4FE81DE7164C005BF073 /* AppDelegate.swift */; };
		4A8B4FEE1DE7164C005BF073 /* Main.storyboard in Resources */ = {isa = PBXBuildFile; fileRef = 4A8B4FEC1DE7164C005BF073 /* Main.storyboard */; };
		4A8B4FF01DE7164C005BF073 /* Assets.xcassets in Resources */ = {isa = PBXBuildFile; fileRef = 4A8B4FEF1DE7164C005BF073 /* Assets.xcassets */; };
		4A8B4FF31DE7164C005BF073 /* LaunchScreen.storyboard in Resources */ = {isa = PBXBuildFile; fileRef = 4A8B4FF11DE7164C005BF073 /* LaunchScreen.storyboard */; };
		4A8B4FFF1DE71683005BF073 /* SWImagePickerAlbumCell.swift in Sources */ = {isa = PBXBuildFile; fileRef = 4A8B4FFB1DE71683005BF073 /* SWImagePickerAlbumCell.swift */; };
		4A8B50001DE71683005BF073 /* SWImagePickerCell.swift in Sources */ = {isa = PBXBuildFile; fileRef = 4A8B4FFC1DE71683005BF073 /* SWImagePickerCell.swift */; };
		4A8B50011DE71683005BF073 /* SWImagePickerController.swift in Sources */ = {isa = PBXBuildFile; fileRef = 4A8B4FFD1DE71683005BF073 /* SWImagePickerController.swift */; };
		4A8B50021DE71683005BF073 /* SWImagePickerTitleView.swift in Sources */ = {isa = PBXBuildFile; fileRef = 4A8B4FFE1DE71683005BF073 /* SWImagePickerTitleView.swift */; };
/* End PBXBuildFile section */

/* Begin PBXFileReference section */
		4A35E6D11DE813E700831D0B /* TableViewController.swift */ = {isa = PBXFileReference; fileEncoding = 4; lastKnownFileType = sourcecode.swift; path = TableViewController.swift; sourceTree = "<group>"; };
		4A35E6D31DE8194500831D0B /* CollectionViewController.swift */ = {isa = PBXFileReference; fileEncoding = 4; lastKnownFileType = sourcecode.swift; path = CollectionViewController.swift; sourceTree = "<group>"; };
		4A8B4FE51DE7164C005BF073 /* SWImagePickerController.app */ = {isa = PBXFileReference; explicitFileType = wrapper.application; includeInIndex = 0; path = SWImagePickerController.app; sourceTree = BUILT_PRODUCTS_DIR; };
		4A8B4FE81DE7164C005BF073 /* AppDelegate.swift */ = {isa = PBXFileReference; lastKnownFileType = sourcecode.swift; path = AppDelegate.swift; sourceTree = "<group>"; };
		4A8B4FED1DE7164C005BF073 /* Base */ = {isa = PBXFileReference; lastKnownFileType = file.storyboard; name = Base; path = Base.lproj/Main.storyboard; sourceTree = "<group>"; };
		4A8B4FEF1DE7164C005BF073 /* Assets.xcassets */ = {isa = PBXFileReference; lastKnownFileType = folder.assetcatalog; path = Assets.xcassets; sourceTree = "<group>"; };
		4A8B4FF21DE7164C005BF073 /* Base */ = {isa = PBXFileReference; lastKnownFileType = file.storyboard; name = Base; path = Base.lproj/LaunchScreen.storyboard; sourceTree = "<group>"; };
		4A8B4FF41DE7164C005BF073 /* Info.plist */ = {isa = PBXFileReference; lastKnownFileType = text.plist.xml; path = Info.plist; sourceTree = "<group>"; };
		4A8B4FFB1DE71683005BF073 /* SWImagePickerAlbumCell.swift */ = {isa = PBXFileReference; fileEncoding = 4; lastKnownFileType = sourcecode.swift; path = SWImagePickerAlbumCell.swift; sourceTree = "<group>"; };
		4A8B4FFC1DE71683005BF073 /* SWImagePickerCell.swift */ = {isa = PBXFileReference; fileEncoding = 4; lastKnownFileType = sourcecode.swift; path = SWImagePickerCell.swift; sourceTree = "<group>"; };
		4A8B4FFD1DE71683005BF073 /* SWImagePickerController.swift */ = {isa = PBXFileReference; fileEncoding = 4; lastKnownFileType = sourcecode.swift; path = SWImagePickerController.swift; sourceTree = "<group>"; };
		4A8B4FFE1DE71683005BF073 /* SWImagePickerTitleView.swift */ = {isa = PBXFileReference; fileEncoding = 4; lastKnownFileType = sourcecode.swift; path = SWImagePickerTitleView.swift; sourceTree = "<group>"; };
/* End PBXFileReference section */

/* Begin PBXFrameworksBuildPhase section */
		4A8B4FE21DE7164C005BF073 /* Frameworks */ = {
			isa = PBXFrameworksBuildPhase;
			buildActionMask = 2147483647;
			files = (
			);
			runOnlyForDeploymentPostprocessing = 0;
		};
/* End PBXFrameworksBuildPhase section */

/* Begin PBXGroup section */
		4A8B4FDC1DE7164C005BF073 = {
			isa = PBXGroup;
			children = (
				4A8B4FFA1DE71683005BF073 /* SWImagePickerController */,
				4A8B4FE71DE7164C005BF073 /* Demo */,
				4A8B4FE61DE7164C005BF073 /* Products */,
			);
			sourceTree = "<group>";
		};
		4A8B4FE61DE7164C005BF073 /* Products */ = {
			isa = PBXGroup;
			children = (
				4A8B4FE51DE7164C005BF073 /* SWImagePickerController.app */,
			);
			name = Products;
			sourceTree = "<group>";
		};
		4A8B4FE71DE7164C005BF073 /* Demo */ = {
			isa = PBXGroup;
			children = (
				4A8B4FE81DE7164C005BF073 /* AppDelegate.swift */,
				4A35E6D11DE813E700831D0B /* TableViewController.swift */,
				4A35E6D31DE8194500831D0B /* CollectionViewController.swift */,
				4A8B4FEC1DE7164C005BF073 /* Main.storyboard */,
				4A8B4FEF1DE7164C005BF073 /* Assets.xcassets */,
				4A8B4FF11DE7164C005BF073 /* LaunchScreen.storyboard */,
				4A8B4FF41DE7164C005BF073 /* Info.plist */,
			);
			name = Demo;
			path = SWImagePickerController;
			sourceTree = "<group>";
		};
		4A8B4FFA1DE71683005BF073 /* SWImagePickerController */ = {
			isa = PBXGroup;
			children = (
				4A8B4FFB1DE71683005BF073 /* SWImagePickerAlbumCell.swift */,
				4A8B4FFC1DE71683005BF073 /* SWImagePickerCell.swift */,
				4A8B4FFD1DE71683005BF073 /* SWImagePickerController.swift */,
				4A8B4FFE1DE71683005BF073 /* SWImagePickerTitleView.swift */,
			);
			name = SWImagePickerController;
			path = SWImagePickerController/SWImagePickerController;
			sourceTree = "<group>";
		};
/* End PBXGroup section */

/* Begin PBXNativeTarget section */
		4A8B4FE41DE7164C005BF073 /* SWImagePickerController */ = {
			isa = PBXNativeTarget;
			buildConfigurationList = 4A8B4FF71DE7164C005BF073 /* Build configuration list for PBXNativeTarget "SWImagePickerController" */;
			buildPhases = (
				4A8B4FE11DE7164C005BF073 /* Sources */,
				4A8B4FE21DE7164C005BF073 /* Frameworks */,
				4A8B4FE31DE7164C005BF073 /* Resources */,
			);
			buildRules = (
			);
			dependencies = (
			);
			name = SWImagePickerController;
			productName = SWImagePickerController;
			productReference = 4A8B4FE51DE7164C005BF073 /* SWImagePickerController.app */;
			productType = "com.apple.product-type.application";
		};
/* End PBXNativeTarget section */

/* Begin PBXProject section */
		4A8B4FDD1DE7164C005BF073 /* Project object */ = {
			isa = PBXProject;
			attributes = {
				LastSwiftUpdateCheck = 0810;
				LastUpgradeCheck = 0810;
				ORGANIZATIONNAME = "Kaibo Lu";
				TargetAttributes = {
					4A8B4FE41DE7164C005BF073 = {
						CreatedOnToolsVersion = 8.1;
						DevelopmentTeam = 9LJHCTN42A;
						LastSwiftMigration = 0810;
						ProvisioningStyle = Automatic;
					};
				};
			};
			buildConfigurationList = 4A8B4FE01DE7164C005BF073 /* Build configuration list for PBXProject "SWImagePickerController" */;
			compatibilityVersion = "Xcode 3.2";
			developmentRegion = English;
			hasScannedForEncodings = 0;
			knownRegions = (
				en,
				Base,
			);
			mainGroup = 4A8B4FDC1DE7164C005BF073;
			productRefGroup = 4A8B4FE61DE7164C005BF073 /* Products */;
			projectDirPath = "";
			projectRoot = "";
			targets = (
				4A8B4FE41DE7164C005BF073 /* SWImagePickerController */,
			);
		};
/* End PBXProject section */

/* Begin PBXResourcesBuildPhase section */
		4A8B4FE31DE7164C005BF073 /* Resources */ = {
			isa = PBXResourcesBuildPhase;
			buildActionMask = 2147483647;
			files = (
				4A8B4FF31DE7164C005BF073 /* LaunchScreen.storyboard in Resources */,
				4A8B4FF01DE7164C005BF073 /* Assets.xcassets in Resources */,
				4A8B4FEE1DE7164C005BF073 /* Main.storyboard in Resources */,
			);
			runOnlyForDeploymentPostprocessing = 0;
		};
/* End PBXResourcesBuildPhase section */

/* Begin PBXSourcesBuildPhase section */
		4A8B4FE11DE7164C005BF073 /* Sources */ = {
			isa = PBXSourcesBuildPhase;
			buildActionMask = 2147483647;
			files = (
				4A8B4FFF1DE71683005BF073 /* SWImagePickerAlbumCell.swift in Sources */,
				4A35E6D21DE813E700831D0B /* TableViewController.swift in Sources */,
				4A8B50021DE71683005BF073 /* SWImagePickerTitleView.swift in Sources */,
				4A8B50001DE71683005BF073 /* SWImagePickerCell.swift in Sources */,
				4A35E6D41DE8194500831D0B /* CollectionViewController.swift in Sources */,
				4A8B50011DE71683005BF073 /* SWImagePickerController.swift in Sources */,
				4A8B4FE91DE7164C005BF073 /* AppDelegate.swift in Sources */,
			);
			runOnlyForDeploymentPostprocessing = 0;
		};
/* End PBXSourcesBuildPhase section */

/* Begin PBXVariantGroup section */
		4A8B4FEC1DE7164C005BF073 /* Main.storyboard */ = {
			isa = PBXVariantGroup;
			children = (
				4A8B4FED1DE7164C005BF073 /* Base */,
			);
			name = Main.storyboard;
			sourceTree = "<group>";
		};
		4A8B4FF11DE7164C005BF073 /* LaunchScreen.storyboard */ = {
			isa = PBXVariantGroup;
			children = (
				4A8B4FF21DE7164C005BF073 /* Base */,
			);
			name = LaunchScreen.storyboard;
			sourceTree = "<group>";
		};
/* End PBXVariantGroup section */

/* Begin XCBuildConfiguration section */
		4A8B4FF51DE7164C005BF073 /* Debug */ = {
			isa = XCBuildConfiguration;
			buildSettings = {
				ALWAYS_SEARCH_USER_PATHS = NO;
				CLANG_ANALYZER_NONNULL = YES;
				CLANG_CXX_LANGUAGE_STANDARD = "gnu++0x";
				CLANG_CXX_LIBRARY = "libc++";
				CLANG_ENABLE_MODULES = YES;
				CLANG_ENABLE_OBJC_ARC = YES;
				CLANG_WARN_BOOL_CONVERSION = YES;
				CLANG_WARN_CONSTANT_CONVERSION = YES;
				CLANG_WARN_DIRECT_OBJC_ISA_USAGE = YES_ERROR;
				CLANG_WARN_DOCUMENTATION_COMMENTS = YES;
				CLANG_WARN_EMPTY_BODY = YES;
				CLANG_WARN_ENUM_CONVERSION = YES;
				CLANG_WARN_INFINITE_RECURSION = YES;
				CLANG_WARN_INT_CONVERSION = YES;
				CLANG_WARN_OBJC_ROOT_CLASS = YES_ERROR;
				CLANG_WARN_SUSPICIOUS_MOVES = YES;
				CLANG_WARN_UNREACHABLE_CODE = YES;
				CLANG_WARN__DUPLICATE_METHOD_MATCH = YES;
				"CODE_SIGN_IDENTITY[sdk=iphoneos*]" = "iPhone Developer";
				COPY_PHASE_STRIP = NO;
				DEBUG_INFORMATION_FORMAT = dwarf;
				ENABLE_STRICT_OBJC_MSGSEND = YES;
				ENABLE_TESTABILITY = YES;
				GCC_C_LANGUAGE_STANDARD = gnu99;
				GCC_DYNAMIC_NO_PIC = NO;
				GCC_NO_COMMON_BLOCKS = YES;
				GCC_OPTIMIZATION_LEVEL = 0;
				GCC_PREPROCESSOR_DEFINITIONS = (
					"DEBUG=1",
					"$(inherited)",
				);
				GCC_WARN_64_TO_32_BIT_CONVERSION = YES;
				GCC_WARN_ABOUT_RETURN_TYPE = YES_ERROR;
				GCC_WARN_UNDECLARED_SELECTOR = YES;
				GCC_WARN_UNINITIALIZED_AUTOS = YES_AGGRESSIVE;
				GCC_WARN_UNUSED_FUNCTION = YES;
				GCC_WARN_UNUSED_VARIABLE = YES;
				IPHONEOS_DEPLOYMENT_TARGET = 10.1;
				MTL_ENABLE_DEBUG_INFO = YES;
				ONLY_ACTIVE_ARCH = YES;
				SDKROOT = iphoneos;
				SWIFT_ACTIVE_COMPILATION_CONDITIONS = DEBUG;
				SWIFT_OPTIMIZATION_LEVEL = "-Onone";
				TARGETED_DEVICE_FAMILY = "1,2";
			};
			name = Debug;
		};
		4A8B4FF61DE7164C005BF073 /* Release */ = {
			isa = XCBuildConfiguration;
			buildSettings = {
				ALWAYS_SEARCH_USER_PATHS = NO;
				CLANG_ANALYZER_NONNULL = YES;
				CLANG_CXX_LANGUAGE_STANDARD = "gnu++0x";
				CLANG_CXX_LIBRARY = "libc++";
				CLANG_ENABLE_MODULES = YES;
				CLANG_ENABLE_OBJC_ARC = YES;
				CLANG_WARN_BOOL_CONVERSION = YES;
				CLANG_WARN_CONSTANT_CONVERSION = YES;
				CLANG_WARN_DIRECT_OBJC_ISA_USAGE = YES_ERROR;
				CLANG_WARN_DOCUMENTATION_COMMENTS = YES;
				CLANG_WARN_EMPTY_BODY = YES;
				CLANG_WARN_ENUM_CONVERSION = YES;
				CLANG_WARN_INFINITE_RECURSION = YES;
				CLANG_WARN_INT_CONVERSION = YES;
				CLANG_WARN_OBJC_ROOT_CLASS = YES_ERROR;
				CLANG_WARN_SUSPICIOUS_MOVES = YES;
				CLANG_WARN_UNREACHABLE_CODE = YES;
				CLANG_WARN__DUPLICATE_METHOD_MATCH = YES;
				"CODE_SIGN_IDENTITY[sdk=iphoneos*]" = "iPhone Developer";
				COPY_PHASE_STRIP = NO;
				DEBUG_INFORMATION_FORMAT = "dwarf-with-dsym";
				ENABLE_NS_ASSERTIONS = NO;
				ENABLE_STRICT_OBJC_MSGSEND = YES;
				GCC_C_LANGUAGE_STANDARD = gnu99;
				GCC_NO_COMMON_BLOCKS = YES;
				GCC_WARN_64_TO_32_BIT_CONVERSION = YES;
				GCC_WARN_ABOUT_RETURN_TYPE = YES_ERROR;
				GCC_WARN_UNDECLARED_SELECTOR = YES;
				GCC_WARN_UNINITIALIZED_AUTOS = YES_AGGRESSIVE;
				GCC_WARN_UNUSED_FUNCTION = YES;
				GCC_WARN_UNUSED_VARIABLE = YES;
				IPHONEOS_DEPLOYMENT_TARGET = 10.1;
				MTL_ENABLE_DEBUG_INFO = NO;
				SDKROOT = iphoneos;
				SWIFT_OPTIMIZATION_LEVEL = "-Owholemodule";
				TARGETED_DEVICE_FAMILY = "1,2";
				VALIDATE_PRODUCT = YES;
			};
			name = Release;
		};
		4A8B4FF81DE7164C005BF073 /* Debug */ = {
			isa = XCBuildConfiguration;
			buildSettings = {
				ASSETCATALOG_COMPILER_APPICON_NAME = AppIcon;
				CODE_SIGN_IDENTITY = "iPhone Developer: lukaibolkb@gmail.com (EC6EKUS6X5)";
				"CODE_SIGN_IDENTITY[sdk=iphoneos*]" = "iPhone Developer";
				DEVELOPMENT_TEAM = 9LJHCTN42A;
				INFOPLIST_FILE = SWImagePickerController/Info.plist;
				IPHONEOS_DEPLOYMENT_TARGET = 8.0;
				LD_RUNPATH_SEARCH_PATHS = "$(inherited) @executable_path/Frameworks";
				PRODUCT_BUNDLE_IDENTIFIER = com.Kaibo.SWImagePickerController;
				PRODUCT_NAME = "$(TARGET_NAME)";
				SWIFT_VERSION = 3.0;
			};
			name = Debug;
		};
		4A8B4FF91DE7164C005BF073 /* Release */ = {
			isa = XCBuildConfiguration;
			buildSettings = {
				ASSETCATALOG_COMPILER_APPICON_NAME = AppIcon;
				CODE_SIGN_IDENTITY = "iPhone Developer: lukaibolkb@gmail.com (EC6EKUS6X5)";
				"CODE_SIGN_IDENTITY[sdk=iphoneos*]" = "iPhone Developer";
				DEVELOPMENT_TEAM = 9LJHCTN42A;
				INFOPLIST_FILE = SWImagePickerController/Info.plist;
				IPHONEOS_DEPLOYMENT_TARGET = 8.0;
				LD_RUNPATH_SEARCH_PATHS = "$(inherited) @executable_path/Frameworks";
				PRODUCT_BUNDLE_IDENTIFIER = com.Kaibo.SWImagePickerController;
				PRODUCT_NAME = "$(TARGET_NAME)";
				SWIFT_VERSION = 3.0;
			};
			name = Release;
		};
/* End XCBuildConfiguration section */

/* Begin XCConfigurationList section */
		4A8B4FE01DE7164C005BF073 /* Build configuration list for PBXProject "SWImagePickerController" */ = {
			isa = XCConfigurationList;
			buildConfigurations = (
				4A8B4FF51DE7164C005BF073 /* Debug */,
				4A8B4FF61DE7164C005BF073 /* Release */,
			);
			defaultConfigurationIsVisible = 0;
			defaultConfigurationName = Release;
		};
		4A8B4FF71DE7164C005BF073 /* Build configuration list for PBXNativeTarget "SWImagePickerController" */ = {
			isa = XCConfigurationList;
			buildConfigurations = (
				4A8B4FF81DE7164C005BF073 /* Debug */,
				4A8B4FF91DE7164C005BF073 /* Release */,
			);
			defaultConfigurationIsVisible = 0;
			defaultConfigurationName = Release;
		};
/* End XCConfigurationList section */
	};
	rootObject = 4A8B4FDD1DE7164C005BF073 /* Project object */;
}
